
Microsoft Visual Studio Solution File, Format Version 12.00
# Visual Studio Version 17
VisualStudioVersion = 17.14.36915.13 d17.14
MinimumVisualStudioVersion = 10.0.40219.1
Project("{FAE04EC0-301F-11D3-BF4B-00C04F79EFBC}") = "SinglyLinkedList.Backend", "SinglyLinkedList.Backend\SinglyLinkedList.Backend.csproj", "{DB1C2C16-D60F-4714-AFAE-C9613C891684}"
EndProject
Project("{FAE04EC0-301F-11D3-BF4B-00C04F79EFBC}") = "SinglyLinkedList.UI.Console", "SinglyLinkedList.UI.Console\SinglyLinkedList.UI.Console.csproj", "{DA014DCB-CB89-4429-8028-FC0135E46A76}"
EndProject
Project("{FAE04EC0-301F-11D3-BF4B-00C04F79EFBC}") = "DoublyLinkedList.Backend", "DoublyLinkedList.Backend\DoublyLinkedList.Backend.csproj", "{1CE0567C-D851-4D54-BEE7-6DF151AFBE17}"
EndProject
Project("{FAE04EC0-301F-11D3-BF4B-00C04F79EFBC}") = "DoublyLinkedList.UI.Console", "DoublyLinkedList.UI.Console\DoublyLinkedList.UI.Console.csproj", "{38D61FF3-3923-4B5D-BFE4-A6F9B88C0090}"
EndProject
Global
	GlobalSection(SolutionConfigurationPlatforms) = preSolution
		Debug|Any CPU = Debug|Any CPU
		Release|Any CPU = Release|Any CPU
	EndGlobalSection
	GlobalSection(ProjectConfigurationPlatforms) = postSolution
		{DB1C2C16-D60F-4714-AFAE-C9613C891684}.Debug|Any CPU.ActiveCfg = Debug|Any CPU
		{DB1C2C16-D60F-4714-AFAE-C9613C891684}.Debug|Any CPU.Build.0 = Debug|Any CPU
		{DB1C2C16-D60F-4714-AFAE-C9613C891684}.Release|Any CPU.ActiveCfg = Release|Any CPU
		{DB1C2C16-D60F-4714-AFAE-C9613C891684}.Release|Any CPU.Build.0 = Release|Any CPU
		{DA014DCB-CB89-4429-8028-FC0135E46A76}.Debug|Any CPU.ActiveCfg = Debug|Any CPU
		{DA014DCB-CB89-4429-8028-FC0135E46A76}.Debug|Any CPU.Build.0 = Debug|Any CPU
		{DA014DCB-CB89-4429-8028-FC0135E46A76}.Release|Any CPU.ActiveCfg = Release|Any CPU
		{DA014DCB-CB89-4429-8028-FC0135E46A76}.Release|Any CPU.Build.0 = Release|Any CPU
		{1CE0567C-D851-4D54-BEE7-6DF151AFBE17}.Debug|Any CPU.ActiveCfg = Debug|Any CPU
		{1CE0567C-D851-4D54-BEE7-6DF151AFBE17}.Debug|Any CPU.Build.0 = Debug|Any CPU
		{1CE0567C-D851-4D54-BEE7-6DF151AFBE17}.Release|Any CPU.ActiveCfg = Release|Any CPU
		{1CE0567C-D851-4D54-BEE7-6DF151AFBE17}.Release|Any CPU.Build.0 = Release|Any CPU
		{38D61FF3-3923-4B5D-BFE4-A6F9B88C0090}.Debug|Any CPU.ActiveCfg = Debug|Any CPU
		{38D61FF3-3923-4B5D-BFE4-A6F9B88C0090}.Debug|Any CPU.Build.0 = Debug|Any CPU
		{38D61FF3-3923-4B5D-BFE4-A6F9B88C0090}.Release|Any CPU.ActiveCfg = Release|Any CPU
		{38D61FF3-3923-4B5D-BFE4-A6F9B88C0090}.Release|Any CPU.Build.0 = Release|Any CPU
	EndGlobalSection
	GlobalSection(SolutionProperties) = preSolution
		HideSolutionNode = FALSE
	EndGlobalSection
	GlobalSection(ExtensibilityGlobals) = postSolution
		SolutionGuid = {7ED7DE77-49CE-4498-8774-5014B96DDE33}
	EndGlobalSection
EndGlobal
